
Microsoft Visual Studio Solution File, Format Version 12.00
# Visual Studio Version 17
VisualStudioVersion = 17.0.31903.59
MinimumVisualStudioVersion = 10.0.40219.1
Project("{2150E333-8FDC-42A3-9474-1A3956D46DE8}") = "src", "src", "{794C8D2B-C344-41B3-9B80-94BB3966E3DD}"
EndProject
Project("{2150E333-8FDC-42A3-9474-1A3956D46DE8}") = "_root", "_root", "{DFB86F64-163E-4F66-87AF-A87201296DCD}"
	ProjectSection(SolutionItems) = preProject
		.editorconfig = .editorconfig
		.gitignore = .gitignore
		.github\workflows\build-and-deploy.yml = .github\workflows\build-and-deploy.yml
		Directory.Build.props = Directory.Build.props
		docfx.json = docfx.json
		index.md = index.md
		LICENSE.txt = LICENSE.txt
		logo.svg = logo.svg
		README.md = README.md
		toc.yml = toc.yml
	EndProjectSection
EndProject
Project("{2150E333-8FDC-42A3-9474-1A3956D46DE8}") = "test", "test", "{2CBCF1CF-8B5D-49DA-89A5-7BC8F160D558}"
EndProject
Project("{2150E333-8FDC-42A3-9474-1A3956D46DE8}") = "docs", "docs", "{FBC57BFC-828B-4F15-8F7C-5E3982DC1A9A}"
	ProjectSection(SolutionItems) = preProject
		buffer.md = buffer.md
		docs\getting-started.md = docs\getting-started.md
		docs\toc.yml = docs\toc.yml
	EndProjectSection
EndProject
Project("{9A19103F-16F7-4668-BE54-9A1E7A4F7556}") = "Yolu", "src\Yolu\Yolu.csproj", "{45E5421B-6937-437C-9697-2E3988CF1D89}"
EndProject
Project("{9A19103F-16F7-4668-BE54-9A1E7A4F7556}") = "Yolu.Test", "test\Yolu.Test\Yolu.Test.csproj", "{E5AA72B8-F4B3-433D-9AF2-07C74163FE16}"
EndProject
Project("{9A19103F-16F7-4668-BE54-9A1E7A4F7556}") = "Yolu.Benchmark", "test\Yolu.Benchmark\Yolu.Benchmark.csproj", "{0180BEC4-D89C-4054-9C3A-A7DC47F7F348}"
EndProject
Project("{2150E333-8FDC-42A3-9474-1A3956D46DE8}") = "templates", "templates", "{E08A3E2B-F4E7-4B63-80B1-47D580E22ECB}"
	ProjectSection(SolutionItems) = preProject
		templates\styles\main.css = templates\styles\main.css
		templates\styles\main.js = templates\styles\main.js
	EndProjectSection
EndProject
Global
	GlobalSection(SolutionConfigurationPlatforms) = preSolution
		Debug|Any CPU = Debug|Any CPU
		Release|Any CPU = Release|Any CPU
	EndGlobalSection
	GlobalSection(ProjectConfigurationPlatforms) = postSolution
		{45E5421B-6937-437C-9697-2E3988CF1D89}.Debug|Any CPU.ActiveCfg = Debug|Any CPU
		{45E5421B-6937-437C-9697-2E3988CF1D89}.Debug|Any CPU.Build.0 = Debug|Any CPU
		{45E5421B-6937-437C-9697-2E3988CF1D89}.Release|Any CPU.ActiveCfg = Release|Any CPU
		{45E5421B-6937-437C-9697-2E3988CF1D89}.Release|Any CPU.Build.0 = Release|Any CPU
		{E5AA72B8-F4B3-433D-9AF2-07C74163FE16}.Debug|Any CPU.ActiveCfg = Debug|Any CPU
		{E5AA72B8-F4B3-433D-9AF2-07C74163FE16}.Debug|Any CPU.Build.0 = Debug|Any CPU
		{E5AA72B8-F4B3-433D-9AF2-07C74163FE16}.Release|Any CPU.ActiveCfg = Release|Any CPU
		{E5AA72B8-F4B3-433D-9AF2-07C74163FE16}.Release|Any CPU.Build.0 = Release|Any CPU
		{0180BEC4-D89C-4054-9C3A-A7DC47F7F348}.Debug|Any CPU.ActiveCfg = Debug|Any CPU
		{0180BEC4-D89C-4054-9C3A-A7DC47F7F348}.Debug|Any CPU.Build.0 = Debug|Any CPU
		{0180BEC4-D89C-4054-9C3A-A7DC47F7F348}.Release|Any CPU.ActiveCfg = Release|Any CPU
		{0180BEC4-D89C-4054-9C3A-A7DC47F7F348}.Release|Any CPU.Build.0 = Release|Any CPU
	EndGlobalSection
	GlobalSection(SolutionProperties) = preSolution
		HideSolutionNode = FALSE
	EndGlobalSection
	GlobalSection(NestedProjects) = preSolution
		{FBC57BFC-828B-4F15-8F7C-5E3982DC1A9A} = {DFB86F64-163E-4F66-87AF-A87201296DCD}
		{45E5421B-6937-437C-9697-2E3988CF1D89} = {794C8D2B-C344-41B3-9B80-94BB3966E3DD}
		{E5AA72B8-F4B3-433D-9AF2-07C74163FE16} = {2CBCF1CF-8B5D-49DA-89A5-7BC8F160D558}
		{0180BEC4-D89C-4054-9C3A-A7DC47F7F348} = {2CBCF1CF-8B5D-49DA-89A5-7BC8F160D558}
		{E08A3E2B-F4E7-4B63-80B1-47D580E22ECB} = {DFB86F64-163E-4F66-87AF-A87201296DCD}
	EndGlobalSection
	GlobalSection(ExtensibilityGlobals) = postSolution
		SolutionGuid = {4F5E6E83-28F9-4F69-A554-439357157F8F}
	EndGlobalSection
EndGlobal
