Microsoft Visual Studio Solution File, Format Version 12.00
# Visual Studio Version 17
VisualStudioVersion = 17.5.2.0
MinimumVisualStudioVersion = 10.0.40219.1
Project("{FAE04EC0-301F-11D3-BF4B-00C04F79EFBC}") = "Yolu", "Yolu.csproj", "{98DCBAAC-20E9-6E93-1632-793305B71CD2}"
EndProject
Global
	GlobalSection(SolutionConfigurationPlatforms) = preSolution
		Debug|Any CPU = Debug|Any CPU
		Release|Any CPU = Release|Any CPU
	EndGlobalSection
	GlobalSection(ProjectConfigurationPlatforms) = postSolution
		{98DCBAAC-20E9-6E93-1632-793305B71CD2}.Debug|Any CPU.ActiveCfg = Debug|Any CPU
		{98DCBAAC-20E9-6E93-1632-793305B71CD2}.Debug|Any CPU.Build.0 = Debug|Any CPU
		{98DCBAAC-20E9-6E93-1632-793305B71CD2}.Release|Any CPU.ActiveCfg = Release|Any CPU
		{98DCBAAC-20E9-6E93-1632-793305B71CD2}.Release|Any CPU.Build.0 = Release|Any CPU
	EndGlobalSection
	GlobalSection(SolutionProperties) = preSolution
		HideSolutionNode = FALSE
	EndGlobalSection
	GlobalSection(ExtensibilityGlobals) = postSolution
		SolutionGuid = {5707D3EE-5C7D-44F3-8185-9BD1A8AB20C0}
	EndGlobalSection
EndGlobal
